// !$*UTF8*$!
{
	archiveVersion = 1;
	classes = {
	};
	objectVersion = 56;
	objects = {

/* Begin PBXBuildFile section */
		56E1444EB139A32282C09517 /* Pods_LoginApp.framework in Frameworks */ = {isa = PBXBuildFile; fileRef = C9E0C3E8A1A59F7DF0F4EBBC /* Pods_LoginApp.framework */; };
		B0E60CD62B2D2F8800103F86 /* AppDelegate.swift in Sources */ = {isa = PBXBuildFile; fileRef = B0E60CD52B2D2F8800103F86 /* AppDelegate.swift */; };
		B0E60CD82B2D2F8800103F86 /* SceneDelegate.swift in Sources */ = {isa = PBXBuildFile; fileRef = B0E60CD72B2D2F8800103F86 /* SceneDelegate.swift */; };
		B0E60CDF2B2D2F8900103F86 /* Assets.xcassets in Resources */ = {isa = PBXBuildFile; fileRef = B0E60CDE2B2D2F8900103F86 /* Assets.xcassets */; };
		B0E60CE22B2D2F8900103F86 /* LaunchScreen.storyboard in Resources */ = {isa = PBXBuildFile; fileRef = B0E60CE02B2D2F8900103F86 /* LaunchScreen.storyboard */; };
		B0E60CEC2B2D308100103F86 /* LoginView.swift in Sources */ = {isa = PBXBuildFile; fileRef = B0E60CEB2B2D308100103F86 /* LoginView.swift */; };
		B0E60CF02B2D3A1A00103F86 /* LoginInteractor.swift in Sources */ = {isa = PBXBuildFile; fileRef = B0E60CEF2B2D3A1A00103F86 /* LoginInteractor.swift */; };
		B0E60CF22B2D3A2600103F86 /* LoginRouter.swift in Sources */ = {isa = PBXBuildFile; fileRef = B0E60CF12B2D3A2600103F86 /* LoginRouter.swift */; };
		B0E60CF42B2D3A8300103F86 /* LoginProtocol.swift in Sources */ = {isa = PBXBuildFile; fileRef = B0E60CF32B2D3A8300103F86 /* LoginProtocol.swift */; };
		B0E60CF62B2D3CD800103F86 /* LoginWorker.swift in Sources */ = {isa = PBXBuildFile; fileRef = B0E60CF52B2D3CD800103F86 /* LoginWorker.swift */; };
		B0E60CF82B2D3D6800103F86 /* LoginModel.swift in Sources */ = {isa = PBXBuildFile; fileRef = B0E60CF72B2D3D6800103F86 /* LoginModel.swift */; };
		B0E60CFB2B2D485600103F86 /* AppConfigurator.swift in Sources */ = {isa = PBXBuildFile; fileRef = B0E60CFA2B2D485600103F86 /* AppConfigurator.swift */; };
		B0E60CFD2B2D4A1000103F86 /* LoginPresenter.swift in Sources */ = {isa = PBXBuildFile; fileRef = B0E60CFC2B2D4A1000103F86 /* LoginPresenter.swift */; };
		B0E60CFF2B2D4BE200103F86 /* HomeView.swift in Sources */ = {isa = PBXBuildFile; fileRef = B0E60CFE2B2D4BE200103F86 /* HomeView.swift */; };
		B0E60D012B2D4BF100103F86 /* HomePresenter.swift in Sources */ = {isa = PBXBuildFile; fileRef = B0E60D002B2D4BF100103F86 /* HomePresenter.swift */; };
		B0E60D032B2D4BF800103F86 /* HomeInteractor.swift in Sources */ = {isa = PBXBuildFile; fileRef = B0E60D022B2D4BF800103F86 /* HomeInteractor.swift */; };
		B0E60D052B2D4C8000103F86 /* HomeProtocol.swift in Sources */ = {isa = PBXBuildFile; fileRef = B0E60D042B2D4C8000103F86 /* HomeProtocol.swift */; };
		B0E60D082B2D527600103F86 /* UserListTableViewCell.swift in Sources */ = {isa = PBXBuildFile; fileRef = B0E60D072B2D527600103F86 /* UserListTableViewCell.swift */; };
		B0E60D0A2B2D56B500103F86 /* HomeWorker.swift in Sources */ = {isa = PBXBuildFile; fileRef = B0E60D092B2D56B500103F86 /* HomeWorker.swift */; };
		B0E60D0C2B2D570500103F86 /* HomeModel.swift in Sources */ = {isa = PBXBuildFile; fileRef = B0E60D0B2B2D570500103F86 /* HomeModel.swift */; };
/* End PBXBuildFile section */

/* Begin PBXFileReference section */
		326285F8E140E698D84D2348 /* Pods-LoginApp.debug.xcconfig */ = {isa = PBXFileReference; includeInIndex = 1; lastKnownFileType = text.xcconfig; name = "Pods-LoginApp.debug.xcconfig"; path = "Target Support Files/Pods-LoginApp/Pods-LoginApp.debug.xcconfig"; sourceTree = "<group>"; };
		4046307140BD5B5D5EE5A351 /* Pods-LoginApp.release.xcconfig */ = {isa = PBXFileReference; includeInIndex = 1; lastKnownFileType = text.xcconfig; name = "Pods-LoginApp.release.xcconfig"; path = "Target Support Files/Pods-LoginApp/Pods-LoginApp.release.xcconfig"; sourceTree = "<group>"; };
		B0E60CD22B2D2F8800103F86 /* LoginApp.app */ = {isa = PBXFileReference; explicitFileType = wrapper.application; includeInIndex = 0; path = LoginApp.app; sourceTree = BUILT_PRODUCTS_DIR; };
		B0E60CD52B2D2F8800103F86 /* AppDelegate.swift */ = {isa = PBXFileReference; lastKnownFileType = sourcecode.swift; path = AppDelegate.swift; sourceTree = "<group>"; };
		B0E60CD72B2D2F8800103F86 /* SceneDelegate.swift */ = {isa = PBXFileReference; lastKnownFileType = sourcecode.swift; path = SceneDelegate.swift; sourceTree = "<group>"; };
		B0E60CDE2B2D2F8900103F86 /* Assets.xcassets */ = {isa = PBXFileReference; lastKnownFileType = folder.assetcatalog; path = Assets.xcassets; sourceTree = "<group>"; };
		B0E60CE12B2D2F8900103F86 /* Base */ = {isa = PBXFileReference; lastKnownFileType = file.storyboard; name = Base; path = Base.lproj/LaunchScreen.storyboard; sourceTree = "<group>"; };
		B0E60CE32B2D2F8900103F86 /* Info.plist */ = {isa = PBXFileReference; lastKnownFileType = text.plist.xml; path = Info.plist; sourceTree = "<group>"; };
		B0E60CEB2B2D308100103F86 /* LoginView.swift */ = {isa = PBXFileReference; lastKnownFileType = sourcecode.swift; path = LoginView.swift; sourceTree = "<group>"; };
		B0E60CEF2B2D3A1A00103F86 /* LoginInteractor.swift */ = {isa = PBXFileReference; lastKnownFileType = sourcecode.swift; path = LoginInteractor.swift; sourceTree = "<group>"; };
		B0E60CF12B2D3A2600103F86 /* LoginRouter.swift */ = {isa = PBXFileReference; lastKnownFileType = sourcecode.swift; path = LoginRouter.swift; sourceTree = "<group>"; };
		B0E60CF32B2D3A8300103F86 /* LoginProtocol.swift */ = {isa = PBXFileReference; lastKnownFileType = sourcecode.swift; path = LoginProtocol.swift; sourceTree = "<group>"; };
		B0E60CF52B2D3CD800103F86 /* LoginWorker.swift */ = {isa = PBXFileReference; lastKnownFileType = sourcecode.swift; path = LoginWorker.swift; sourceTree = "<group>"; };
		B0E60CF72B2D3D6800103F86 /* LoginModel.swift */ = {isa = PBXFileReference; lastKnownFileType = sourcecode.swift; path = LoginModel.swift; sourceTree = "<group>"; };
		B0E60CFA2B2D485600103F86 /* AppConfigurator.swift */ = {isa = PBXFileReference; lastKnownFileType = sourcecode.swift; path = AppConfigurator.swift; sourceTree = "<group>"; };
		B0E60CFC2B2D4A1000103F86 /* LoginPresenter.swift */ = {isa = PBXFileReference; fileEncoding = 4; lastKnownFileType = sourcecode.swift; path = LoginPresenter.swift; sourceTree = "<group>"; };
		B0E60CFE2B2D4BE200103F86 /* HomeView.swift */ = {isa = PBXFileReference; lastKnownFileType = sourcecode.swift; path = HomeView.swift; sourceTree = "<group>"; };
		B0E60D002B2D4BF100103F86 /* HomePresenter.swift */ = {isa = PBXFileReference; lastKnownFileType = sourcecode.swift; path = HomePresenter.swift; sourceTree = "<group>"; };
		B0E60D022B2D4BF800103F86 /* HomeInteractor.swift */ = {isa = PBXFileReference; lastKnownFileType = sourcecode.swift; path = HomeInteractor.swift; sourceTree = "<group>"; };
		B0E60D042B2D4C8000103F86 /* HomeProtocol.swift */ = {isa = PBXFileReference; lastKnownFileType = sourcecode.swift; path = HomeProtocol.swift; sourceTree = "<group>"; };
		B0E60D072B2D527600103F86 /* UserListTableViewCell.swift */ = {isa = PBXFileReference; lastKnownFileType = sourcecode.swift; path = UserListTableViewCell.swift; sourceTree = "<group>"; };
		B0E60D092B2D56B500103F86 /* HomeWorker.swift */ = {isa = PBXFileReference; lastKnownFileType = sourcecode.swift; path = HomeWorker.swift; sourceTree = "<group>"; };
		B0E60D0B2B2D570500103F86 /* HomeModel.swift */ = {isa = PBXFileReference; lastKnownFileType = sourcecode.swift; path = HomeModel.swift; sourceTree = "<group>"; };
		C9E0C3E8A1A59F7DF0F4EBBC /* Pods_LoginApp.framework */ = {isa = PBXFileReference; explicitFileType = wrapper.framework; includeInIndex = 0; path = Pods_LoginApp.framework; sourceTree = BUILT_PRODUCTS_DIR; };
/* End PBXFileReference section */

/* Begin PBXFrameworksBuildPhase section */
		B0E60CCF2B2D2F8800103F86 /* Frameworks */ = {
			isa = PBXFrameworksBuildPhase;
			buildActionMask = 2147483647;
			files = (
				56E1444EB139A32282C09517 /* Pods_LoginApp.framework in Frameworks */,
			);
			runOnlyForDeploymentPostprocessing = 0;
		};
/* End PBXFrameworksBuildPhase section */

/* Begin PBXGroup section */
		19431B772CD5F41736C25D4E /* Pods */ = {
			isa = PBXGroup;
			children = (
				326285F8E140E698D84D2348 /* Pods-LoginApp.debug.xcconfig */,
				4046307140BD5B5D5EE5A351 /* Pods-LoginApp.release.xcconfig */,
			);
			path = Pods;
			sourceTree = "<group>";
		};
		23F15ABBC591AAC8C12FBFB6 /* Frameworks */ = {
			isa = PBXGroup;
			children = (
				C9E0C3E8A1A59F7DF0F4EBBC /* Pods_LoginApp.framework */,
			);
			name = Frameworks;
			sourceTree = "<group>";
		};
		B0E60CC92B2D2F8800103F86 = {
			isa = PBXGroup;
			children = (
				B0E60CD42B2D2F8800103F86 /* LoginApp */,
				B0E60CD32B2D2F8800103F86 /* Products */,
				19431B772CD5F41736C25D4E /* Pods */,
				23F15ABBC591AAC8C12FBFB6 /* Frameworks */,
			);
			sourceTree = "<group>";
		};
		B0E60CD32B2D2F8800103F86 /* Products */ = {
			isa = PBXGroup;
			children = (
				B0E60CD22B2D2F8800103F86 /* LoginApp.app */,
			);
			name = Products;
			sourceTree = "<group>";
		};
		B0E60CD42B2D2F8800103F86 /* LoginApp */ = {
			isa = PBXGroup;
			children = (
				B0E60CF92B2D484B00103F86 /* Configurator */,
				B0E60CEA2B2D304900103F86 /* HomePage */,
				B0E60CE92B2D2FE100103F86 /* LoginPage */,
				B0E60CD52B2D2F8800103F86 /* AppDelegate.swift */,
				B0E60CD72B2D2F8800103F86 /* SceneDelegate.swift */,
				B0E60CDE2B2D2F8900103F86 /* Assets.xcassets */,
				B0E60CE02B2D2F8900103F86 /* LaunchScreen.storyboard */,
				B0E60CE32B2D2F8900103F86 /* Info.plist */,
			);
			path = LoginApp;
			sourceTree = "<group>";
		};
		B0E60CE92B2D2FE100103F86 /* LoginPage */ = {
			isa = PBXGroup;
			children = (
				B0E60CEB2B2D308100103F86 /* LoginView.swift */,
				B0E60CFC2B2D4A1000103F86 /* LoginPresenter.swift */,
				B0E60CEF2B2D3A1A00103F86 /* LoginInteractor.swift */,
				B0E60CF12B2D3A2600103F86 /* LoginRouter.swift */,
				B0E60CF32B2D3A8300103F86 /* LoginProtocol.swift */,
				B0E60CF52B2D3CD800103F86 /* LoginWorker.swift */,
				B0E60CF72B2D3D6800103F86 /* LoginModel.swift */,
			);
			path = LoginPage;
			sourceTree = "<group>";
		};
		B0E60CEA2B2D304900103F86 /* HomePage */ = {
			isa = PBXGroup;
			children = (
				B0E60D062B2D523C00103F86 /* UserListTableViewCell */,
				B0E60CFE2B2D4BE200103F86 /* HomeView.swift */,
				B0E60D002B2D4BF100103F86 /* HomePresenter.swift */,
				B0E60D022B2D4BF800103F86 /* HomeInteractor.swift */,
				B0E60D042B2D4C8000103F86 /* HomeProtocol.swift */,
				B0E60D092B2D56B500103F86 /* HomeWorker.swift */,
				B0E60D0B2B2D570500103F86 /* HomeModel.swift */,
			);
			path = HomePage;
			sourceTree = "<group>";
		};
		B0E60CF92B2D484B00103F86 /* Configurator */ = {
			isa = PBXGroup;
			children = (
				B0E60CFA2B2D485600103F86 /* AppConfigurator.swift */,
			);
			path = Configurator;
			sourceTree = "<group>";
		};
		B0E60D062B2D523C00103F86 /* UserListTableViewCell */ = {
			isa = PBXGroup;
			children = (
				B0E60D072B2D527600103F86 /* UserListTableViewCell.swift */,
			);
			path = UserListTableViewCell;
			sourceTree = "<group>";
		};
/* End PBXGroup section */

/* Begin PBXNativeTarget section */
		B0E60CD12B2D2F8800103F86 /* LoginApp */ = {
			isa = PBXNativeTarget;
			buildConfigurationList = B0E60CE62B2D2F8900103F86 /* Build configuration list for PBXNativeTarget "LoginApp" */;
			buildPhases = (
				80D51E198792573758D080BD /* [CP] Check Pods Manifest.lock */,
				B0E60CCE2B2D2F8800103F86 /* Sources */,
				B0E60CCF2B2D2F8800103F86 /* Frameworks */,
				B0E60CD02B2D2F8800103F86 /* Resources */,
				1E0F34782E53804C1269792E /* [CP] Embed Pods Frameworks */,
			);
			buildRules = (
			);
			dependencies = (
			);
			name = LoginApp;
			productName = LoginApp;
			productReference = B0E60CD22B2D2F8800103F86 /* LoginApp.app */;
			productType = "com.apple.product-type.application";
		};
/* End PBXNativeTarget section */

/* Begin PBXProject section */
		B0E60CCA2B2D2F8800103F86 /* Project object */ = {
			isa = PBXProject;
			attributes = {
				BuildIndependentTargetsInParallel = 1;
				LastSwiftUpdateCheck = 1430;
				LastUpgradeCheck = 1430;
				TargetAttributes = {
					B0E60CD12B2D2F8800103F86 = {
						CreatedOnToolsVersion = 14.3.1;
					};
				};
			};
			buildConfigurationList = B0E60CCD2B2D2F8800103F86 /* Build configuration list for PBXProject "LoginApp" */;
			compatibilityVersion = "Xcode 14.0";
			developmentRegion = en;
			hasScannedForEncodings = 0;
			knownRegions = (
				en,
				Base,
			);
			mainGroup = B0E60CC92B2D2F8800103F86;
			productRefGroup = B0E60CD32B2D2F8800103F86 /* Products */;
			projectDirPath = "";
			projectRoot = "";
			targets = (
				B0E60CD12B2D2F8800103F86 /* LoginApp */,
			);
		};
/* End PBXProject section */

/* Begin PBXResourcesBuildPhase section */
		B0E60CD02B2D2F8800103F86 /* Resources */ = {
			isa = PBXResourcesBuildPhase;
			buildActionMask = 2147483647;
			files = (
				B0E60CE22B2D2F8900103F86 /* LaunchScreen.storyboard in Resources */,
				B0E60CDF2B2D2F8900103F86 /* Assets.xcassets in Resources */,
			);
			runOnlyForDeploymentPostprocessing = 0;
		};
/* End PBXResourcesBuildPhase section */

/* Begin PBXShellScriptBuildPhase section */
		1E0F34782E53804C1269792E /* [CP] Embed Pods Frameworks */ = {
			isa = PBXShellScriptBuildPhase;
			buildActionMask = 2147483647;
			files = (
			);
			inputFileListPaths = (
				"${PODS_ROOT}/Target Support Files/Pods-LoginApp/Pods-LoginApp-frameworks-${CONFIGURATION}-input-files.xcfilelist",
			);
			name = "[CP] Embed Pods Frameworks";
			outputFileListPaths = (
				"${PODS_ROOT}/Target Support Files/Pods-LoginApp/Pods-LoginApp-frameworks-${CONFIGURATION}-output-files.xcfilelist",
			);
			runOnlyForDeploymentPostprocessing = 0;
			shellPath = /bin/sh;
			shellScript = "\"${PODS_ROOT}/Target Support Files/Pods-LoginApp/Pods-LoginApp-frameworks.sh\"\n";
			showEnvVarsInLog = 0;
		};
		80D51E198792573758D080BD /* [CP] Check Pods Manifest.lock */ = {
			isa = PBXShellScriptBuildPhase;
			buildActionMask = 2147483647;
			files = (
			);
			inputFileListPaths = (
			);
			inputPaths = (
				"${PODS_PODFILE_DIR_PATH}/Podfile.lock",
				"${PODS_ROOT}/Manifest.lock",
			);
			name = "[CP] Check Pods Manifest.lock";
			outputFileListPaths = (
			);
			outputPaths = (
				"$(DERIVED_FILE_DIR)/Pods-LoginApp-checkManifestLockResult.txt",
			);
			runOnlyForDeploymentPostprocessing = 0;
			shellPath = /bin/sh;
			shellScript = "diff \"${PODS_PODFILE_DIR_PATH}/Podfile.lock\" \"${PODS_ROOT}/Manifest.lock\" > /dev/null\nif [ $? != 0 ] ; then\n    # print error to STDERR\n    echo \"error: The sandbox is not in sync with the Podfile.lock. Run 'pod install' or update your CocoaPods installation.\" >&2\n    exit 1\nfi\n# This output is used by Xcode 'outputs' to avoid re-running this script phase.\necho \"SUCCESS\" > \"${SCRIPT_OUTPUT_FILE_0}\"\n";
			showEnvVarsInLog = 0;
		};
/* End PBXShellScriptBuildPhase section */

/* Begin PBXSourcesBuildPhase section */
		B0E60CCE2B2D2F8800103F86 /* Sources */ = {
			isa = PBXSourcesBuildPhase;
			buildActionMask = 2147483647;
			files = (
				B0E60D052B2D4C8000103F86 /* HomeProtocol.swift in Sources */,
				B0E60CF42B2D3A8300103F86 /* LoginProtocol.swift in Sources */,
				B0E60CD62B2D2F8800103F86 /* AppDelegate.swift in Sources */,
				B0E60CF02B2D3A1A00103F86 /* LoginInteractor.swift in Sources */,
				B0E60D012B2D4BF100103F86 /* HomePresenter.swift in Sources */,
				B0E60CEC2B2D308100103F86 /* LoginView.swift in Sources */,
				B0E60CFD2B2D4A1000103F86 /* LoginPresenter.swift in Sources */,
				B0E60CFF2B2D4BE200103F86 /* HomeView.swift in Sources */,
				B0E60D032B2D4BF800103F86 /* HomeInteractor.swift in Sources */,
				B0E60D0C2B2D570500103F86 /* HomeModel.swift in Sources */,
				B0E60CF82B2D3D6800103F86 /* LoginModel.swift in Sources */,
				B0E60D082B2D527600103F86 /* UserListTableViewCell.swift in Sources */,
				B0E60CD82B2D2F8800103F86 /* SceneDelegate.swift in Sources */,
				B0E60CF22B2D3A2600103F86 /* LoginRouter.swift in Sources */,
				B0E60CFB2B2D485600103F86 /* AppConfigurator.swift in Sources */,
				B0E60D0A2B2D56B500103F86 /* HomeWorker.swift in Sources */,
				B0E60CF62B2D3CD800103F86 /* LoginWorker.swift in Sources */,
			);
			runOnlyForDeploymentPostprocessing = 0;
		};
/* End PBXSourcesBuildPhase section */

/* Begin PBXVariantGroup section */
		B0E60CE02B2D2F8900103F86 /* LaunchScreen.storyboard */ = {
			isa = PBXVariantGroup;
			children = (
				B0E60CE12B2D2F8900103F86 /* Base */,
			);
			name = LaunchScreen.storyboard;
			sourceTree = "<group>";
		};
/* End PBXVariantGroup section */

/* Begin XCBuildConfiguration section */
		B0E60CE42B2D2F8900103F86 /* Debug */ = {
			isa = XCBuildConfiguration;
			buildSettings = {
				ALWAYS_SEARCH_USER_PATHS = NO;
				CLANG_ANALYZER_NONNULL = YES;
				CLANG_ANALYZER_NUMBER_OBJECT_CONVERSION = YES_AGGRESSIVE;
				CLANG_CXX_LANGUAGE_STANDARD = "gnu++20";
				CLANG_ENABLE_MODULES = YES;
				CLANG_ENABLE_OBJC_ARC = YES;
				CLANG_ENABLE_OBJC_WEAK = YES;
				CLANG_WARN_BLOCK_CAPTURE_AUTORELEASING = YES;
				CLANG_WARN_BOOL_CONVERSION = YES;
				CLANG_WARN_COMMA = YES;
				CLANG_WARN_CONSTANT_CONVERSION = YES;
				CLANG_WARN_DEPRECATED_OBJC_IMPLEMENTATIONS = YES;
				CLANG_WARN_DIRECT_OBJC_ISA_USAGE = YES_ERROR;
				CLANG_WARN_DOCUMENTATION_COMMENTS = YES;
				CLANG_WARN_EMPTY_BODY = YES;
				CLANG_WARN_ENUM_CONVERSION = YES;
				CLANG_WARN_INFINITE_RECURSION = YES;
				CLANG_WARN_INT_CONVERSION = YES;
				CLANG_WARN_NON_LITERAL_NULL_CONVERSION = YES;
				CLANG_WARN_OBJC_IMPLICIT_RETAIN_SELF = YES;
				CLANG_WARN_OBJC_LITERAL_CONVERSION = YES;
				CLANG_WARN_OBJC_ROOT_CLASS = YES_ERROR;
				CLANG_WARN_QUOTED_INCLUDE_IN_FRAMEWORK_HEADER = YES;
				CLANG_WARN_RANGE_LOOP_ANALYSIS = YES;
				CLANG_WARN_STRICT_PROTOTYPES = YES;
				CLANG_WARN_SUSPICIOUS_MOVE = YES;
				CLANG_WARN_UNGUARDED_AVAILABILITY = YES_AGGRESSIVE;
				CLANG_WARN_UNREACHABLE_CODE = YES;
				CLANG_WARN__DUPLICATE_METHOD_MATCH = YES;
				COPY_PHASE_STRIP = NO;
				DEBUG_INFORMATION_FORMAT = dwarf;
				ENABLE_STRICT_OBJC_MSGSEND = YES;
				ENABLE_TESTABILITY = YES;
				GCC_C_LANGUAGE_STANDARD = gnu11;
				GCC_DYNAMIC_NO_PIC = NO;
				GCC_NO_COMMON_BLOCKS = YES;
				GCC_OPTIMIZATION_LEVEL = 0;
				GCC_PREPROCESSOR_DEFINITIONS = (
					"DEBUG=1",
					"$(inherited)",
				);
				GCC_WARN_64_TO_32_BIT_CONVERSION = YES;
				GCC_WARN_ABOUT_RETURN_TYPE = YES_ERROR;
				GCC_WARN_UNDECLARED_SELECTOR = YES;
				GCC_WARN_UNINITIALIZED_AUTOS = YES_AGGRESSIVE;
				GCC_WARN_UNUSED_FUNCTION = YES;
				GCC_WARN_UNUSED_VARIABLE = YES;
				IPHONEOS_DEPLOYMENT_TARGET = 16.4;
				MTL_ENABLE_DEBUG_INFO = INCLUDE_SOURCE;
				MTL_FAST_MATH = YES;
				ONLY_ACTIVE_ARCH = YES;
				SDKROOT = iphoneos;
				SWIFT_ACTIVE_COMPILATION_CONDITIONS = DEBUG;
				SWIFT_OPTIMIZATION_LEVEL = "-Onone";
			};
			name = Debug;
		};
		B0E60CE52B2D2F8900103F86 /* Release */ = {
			isa = XCBuildConfiguration;
			buildSettings = {
				ALWAYS_SEARCH_USER_PATHS = NO;
				CLANG_ANALYZER_NONNULL = YES;
				CLANG_ANALYZER_NUMBER_OBJECT_CONVERSION = YES_AGGRESSIVE;
				CLANG_CXX_LANGUAGE_STANDARD = "gnu++20";
				CLANG_ENABLE_MODULES = YES;
				CLANG_ENABLE_OBJC_ARC = YES;
				CLANG_ENABLE_OBJC_WEAK = YES;
				CLANG_WARN_BLOCK_CAPTURE_AUTORELEASING = YES;
				CLANG_WARN_BOOL_CONVERSION = YES;
				CLANG_WARN_COMMA = YES;
				CLANG_WARN_CONSTANT_CONVERSION = YES;
				CLANG_WARN_DEPRECATED_OBJC_IMPLEMENTATIONS = YES;
				CLANG_WARN_DIRECT_OBJC_ISA_USAGE = YES_ERROR;
				CLANG_WARN_DOCUMENTATION_COMMENTS = YES;
				CLANG_WARN_EMPTY_BODY = YES;
				CLANG_WARN_ENUM_CONVERSION = YES;
				CLANG_WARN_INFINITE_RECURSION = YES;
				CLANG_WARN_INT_CONVERSION = YES;
				CLANG_WARN_NON_LITERAL_NULL_CONVERSION = YES;
				CLANG_WARN_OBJC_IMPLICIT_RETAIN_SELF = YES;
				CLANG_WARN_OBJC_LITERAL_CONVERSION = YES;
				CLANG_WARN_OBJC_ROOT_CLASS = YES_ERROR;
				CLANG_WARN_QUOTED_INCLUDE_IN_FRAMEWORK_HEADER = YES;
				CLANG_WARN_RANGE_LOOP_ANALYSIS = YES;
				CLANG_WARN_STRICT_PROTOTYPES = YES;
				CLANG_WARN_SUSPICIOUS_MOVE = YES;
				CLANG_WARN_UNGUARDED_AVAILABILITY = YES_AGGRESSIVE;
				CLANG_WARN_UNREACHABLE_CODE = YES;
				CLANG_WARN__DUPLICATE_METHOD_MATCH = YES;
				COPY_PHASE_STRIP = NO;
				DEBUG_INFORMATION_FORMAT = "dwarf-with-dsym";
				ENABLE_NS_ASSERTIONS = NO;
				ENABLE_STRICT_OBJC_MSGSEND = YES;
				GCC_C_LANGUAGE_STANDARD = gnu11;
				GCC_NO_COMMON_BLOCKS = YES;
				GCC_WARN_64_TO_32_BIT_CONVERSION = YES;
				GCC_WARN_ABOUT_RETURN_TYPE = YES_ERROR;
				GCC_WARN_UNDECLARED_SELECTOR = YES;
				GCC_WARN_UNINITIALIZED_AUTOS = YES_AGGRESSIVE;
				GCC_WARN_UNUSED_FUNCTION = YES;
				GCC_WARN_UNUSED_VARIABLE = YES;
				IPHONEOS_DEPLOYMENT_TARGET = 16.4;
				MTL_ENABLE_DEBUG_INFO = NO;
				MTL_FAST_MATH = YES;
				SDKROOT = iphoneos;
				SWIFT_COMPILATION_MODE = wholemodule;
				SWIFT_OPTIMIZATION_LEVEL = "-O";
				VALIDATE_PRODUCT = YES;
			};
			name = Release;
		};
		B0E60CE72B2D2F8900103F86 /* Debug */ = {
			isa = XCBuildConfiguration;
			baseConfigurationReference = 326285F8E140E698D84D2348 /* Pods-LoginApp.debug.xcconfig */;
			buildSettings = {
				ASSETCATALOG_COMPILER_APPICON_NAME = AppIcon;
				ASSETCATALOG_COMPILER_GLOBAL_ACCENT_COLOR_NAME = AccentColor;
				CODE_SIGN_STYLE = Automatic;
				CURRENT_PROJECT_VERSION = 1;
				GENERATE_INFOPLIST_FILE = YES;
				INFOPLIST_FILE = LoginApp/Info.plist;
				INFOPLIST_KEY_UIApplicationSupportsIndirectInputEvents = YES;
				INFOPLIST_KEY_UILaunchStoryboardName = LaunchScreen;
				INFOPLIST_KEY_UISupportedInterfaceOrientations_iPad = "UIInterfaceOrientationPortrait UIInterfaceOrientationPortraitUpsideDown UIInterfaceOrientationLandscapeLeft UIInterfaceOrientationLandscapeRight";
				INFOPLIST_KEY_UISupportedInterfaceOrientations_iPhone = "UIInterfaceOrientationPortrait UIInterfaceOrientationLandscapeLeft UIInterfaceOrientationLandscapeRight";
				LD_RUNPATH_SEARCH_PATHS = (
					"$(inherited)",
					"@executable_path/Frameworks",
				);
				MARKETING_VERSION = 1.0;
				PRODUCT_BUNDLE_IDENTIFIER = LoginApp.LoginApp;
				PRODUCT_NAME = "$(TARGET_NAME)";
				SWIFT_EMIT_LOC_STRINGS = YES;
				SWIFT_VERSION = 5.0;
				TARGETED_DEVICE_FAMILY = "1,2";
			};
			name = Debug;
		};
		B0E60CE82B2D2F8900103F86 /* Release */ = {
			isa = XCBuildConfiguration;
			baseConfigurationReference = 4046307140BD5B5D5EE5A351 /* Pods-LoginApp.release.xcconfig */;
			buildSettings = {
				ASSETCATALOG_COMPILER_APPICON_NAME = AppIcon;
				ASSETCATALOG_COMPILER_GLOBAL_ACCENT_COLOR_NAME = AccentColor;
				CODE_SIGN_STYLE = Automatic;
				CURRENT_PROJECT_VERSION = 1;
				GENERATE_INFOPLIST_FILE = YES;
				INFOPLIST_FILE = LoginApp/Info.plist;
				INFOPLIST_KEY_UIApplicationSupportsIndirectInputEvents = YES;
				INFOPLIST_KEY_UILaunchStoryboardName = LaunchScreen;
				INFOPLIST_KEY_UISupportedInterfaceOrientations_iPad = "UIInterfaceOrientationPortrait UIInterfaceOrientationPortraitUpsideDown UIInterfaceOrientationLandscapeLeft UIInterfaceOrientationLandscapeRight";
				INFOPLIST_KEY_UISupportedInterfaceOrientations_iPhone = "UIInterfaceOrientationPortrait UIInterfaceOrientationLandscapeLeft UIInterfaceOrientationLandscapeRight";
				LD_RUNPATH_SEARCH_PATHS = (
					"$(inherited)",
					"@executable_path/Frameworks",
				);
				MARKETING_VERSION = 1.0;
				PRODUCT_BUNDLE_IDENTIFIER = LoginApp.LoginApp;
				PRODUCT_NAME = "$(TARGET_NAME)";
				SWIFT_EMIT_LOC_STRINGS = YES;
				SWIFT_VERSION = 5.0;
				TARGETED_DEVICE_FAMILY = "1,2";
			};
			name = Release;
		};
/* End XCBuildConfiguration section */

/* Begin XCConfigurationList section */
		B0E60CCD2B2D2F8800103F86 /* Build configuration list for PBXProject "LoginApp" */ = {
			isa = XCConfigurationList;
			buildConfigurations = (
				B0E60CE42B2D2F8900103F86 /* Debug */,
				B0E60CE52B2D2F8900103F86 /* Release */,
			);
			defaultConfigurationIsVisible = 0;
			defaultConfigurationName = Release;
		};
		B0E60CE62B2D2F8900103F86 /* Build configuration list for PBXNativeTarget "LoginApp" */ = {
			isa = XCConfigurationList;
			buildConfigurations = (
				B0E60CE72B2D2F8900103F86 /* Debug */,
				B0E60CE82B2D2F8900103F86 /* Release */,
			);
			defaultConfigurationIsVisible = 0;
			defaultConfigurationName = Release;
		};
/* End XCConfigurationList section */
	};
	rootObject = B0E60CCA2B2D2F8800103F86 /* Project object */;
}
